
Microsoft Visual Studio Solution File, Format Version 12.00
# Visual Studio Version 17
VisualStudioVersion = 17.13.35919.96 d17.13
MinimumVisualStudioVersion = 10.0.40219.1
Project("{FAE04EC0-301F-11D3-BF4B-00C04F79EFBC}") = "ControlLogic", "ControlLogic.csproj", "{34CCBD7A-638D-4747-B3CE-FC409D4410E2}"
EndProject
Global
	GlobalSection(SolutionConfigurationPlatforms) = preSolution
		Debug|Any CPU = Debug|Any CPU
		Release|Any CPU = Release|Any CPU
	EndGlobalSection
	GlobalSection(ProjectConfigurationPlatforms) = postSolution
		{34CCBD7A-638D-4747-B3CE-FC409D4410E2}.Debug|Any CPU.ActiveCfg = Debug|Any CPU
		{34CCBD7A-638D-4747-B3CE-FC409D4410E2}.Debug|Any CPU.Build.0 = Debug|Any CPU
		{34CCBD7A-638D-4747-B3CE-FC409D4410E2}.Release|Any CPU.ActiveCfg = Release|Any CPU
		{34CCBD7A-638D-4747-B3CE-FC409D4410E2}.Release|Any CPU.Build.0 = Release|Any CPU
	EndGlobalSection
	GlobalSection(SolutionProperties) = preSolution
		HideSolutionNode = FALSE
	EndGlobalSection
	GlobalSection(ExtensibilityGlobals) = postSolution
		SolutionGuid = {96866CD4-735E-4645-9A7E-7B4477F4FC54}
	EndGlobalSection
EndGlobal
